// !$*UTF8*$!
{
	archiveVersion = 1;
	classes = {
	};
	objectVersion = 50;
	objects = {

/* Begin PBXBuildFile section */
		7D57636B22131F5100975686 /* CNRequest.swift in Sources */ = {isa = PBXBuildFile; fileRef = 7D57636A22131F5100975686 /* CNRequest.swift */; };
		7D57636D22131FF000975686 /* CNRequestType.swift in Sources */ = {isa = PBXBuildFile; fileRef = 7D57636C22131FF000975686 /* CNRequestType.swift */; };
		7D57636F2213207C00975686 /* CNRequestEncoder.swift in Sources */ = {isa = PBXBuildFile; fileRef = 7D57636E2213207C00975686 /* CNRequestEncoder.swift */; };
		7D57637222132F1B00975686 /* CNNetworkingHeaderEncoder.swift in Sources */ = {isa = PBXBuildFile; fileRef = 7D57637122132F1B00975686 /* CNNetworkingHeaderEncoder.swift */; };
		7D57637422132F2E00975686 /* CNNetworkingQueryParamEncoder.swift in Sources */ = {isa = PBXBuildFile; fileRef = 7D57637322132F2E00975686 /* CNNetworkingQueryParamEncoder.swift */; };
		7D57637622132F3D00975686 /* CNNetworkingJsonBodyEncoder.swift in Sources */ = {isa = PBXBuildFile; fileRef = 7D57637522132F3D00975686 /* CNNetworkingJsonBodyEncoder.swift */; };
		7D66D6C3220724AA007C6A56 /* ConfusedNetworking.framework in Frameworks */ = {isa = PBXBuildFile; fileRef = 7D66D6B9220724AA007C6A56 /* ConfusedNetworking.framework */; };
		7D66D6C8220724AA007C6A56 /* ConfusedNetworkingTests.swift in Sources */ = {isa = PBXBuildFile; fileRef = 7D66D6C7220724AA007C6A56 /* ConfusedNetworkingTests.swift */; };
		7D66D6CA220724AA007C6A56 /* ConfusedNetworking.h in Headers */ = {isa = PBXBuildFile; fileRef = 7D66D6BC220724AA007C6A56 /* ConfusedNetworking.h */; settings = {ATTRIBUTES = (Public, ); }; };
		7D66D6E722072A39007C6A56 /* StartupTest.swift in Sources */ = {isa = PBXBuildFile; fileRef = 7D66D6E622072A39007C6A56 /* StartupTest.swift */; };
		7D66D70922093352007C6A56 /* CNet.swift in Sources */ = {isa = PBXBuildFile; fileRef = 7D66D70822093352007C6A56 /* CNet.swift */; };
/* End PBXBuildFile section */

/* Begin PBXContainerItemProxy section */
		7D66D6C4220724AA007C6A56 /* PBXContainerItemProxy */ = {
			isa = PBXContainerItemProxy;
			containerPortal = 7D66D6B0220724A9007C6A56 /* Project object */;
			proxyType = 1;
			remoteGlobalIDString = 7D66D6B8220724AA007C6A56;
			remoteInfo = ConfusedNetworking;
		};
/* End PBXContainerItemProxy section */

/* Begin PBXFileReference section */
		7D57636A22131F5100975686 /* CNRequest.swift */ = {isa = PBXFileReference; lastKnownFileType = sourcecode.swift; path = CNRequest.swift; sourceTree = "<group>"; };
		7D57636C22131FF000975686 /* CNRequestType.swift */ = {isa = PBXFileReference; lastKnownFileType = sourcecode.swift; path = CNRequestType.swift; sourceTree = "<group>"; };
		7D57636E2213207C00975686 /* CNRequestEncoder.swift */ = {isa = PBXFileReference; lastKnownFileType = sourcecode.swift; path = CNRequestEncoder.swift; sourceTree = "<group>"; };
		7D57637122132F1B00975686 /* CNNetworkingHeaderEncoder.swift */ = {isa = PBXFileReference; lastKnownFileType = sourcecode.swift; path = CNNetworkingHeaderEncoder.swift; sourceTree = "<group>"; };
		7D57637322132F2E00975686 /* CNNetworkingQueryParamEncoder.swift */ = {isa = PBXFileReference; lastKnownFileType = sourcecode.swift; path = CNNetworkingQueryParamEncoder.swift; sourceTree = "<group>"; };
		7D57637522132F3D00975686 /* CNNetworkingJsonBodyEncoder.swift */ = {isa = PBXFileReference; lastKnownFileType = sourcecode.swift; path = CNNetworkingJsonBodyEncoder.swift; sourceTree = "<group>"; };
		7D66D6B9220724AA007C6A56 /* ConfusedNetworking.framework */ = {isa = PBXFileReference; explicitFileType = wrapper.framework; includeInIndex = 0; path = ConfusedNetworking.framework; sourceTree = BUILT_PRODUCTS_DIR; };
		7D66D6BC220724AA007C6A56 /* ConfusedNetworking.h */ = {isa = PBXFileReference; lastKnownFileType = sourcecode.c.h; path = ConfusedNetworking.h; sourceTree = "<group>"; };
		7D66D6BD220724AA007C6A56 /* Info.plist */ = {isa = PBXFileReference; lastKnownFileType = text.plist.xml; path = Info.plist; sourceTree = "<group>"; };
		7D66D6C2220724AA007C6A56 /* ConfusedNetworkingTests.xctest */ = {isa = PBXFileReference; explicitFileType = wrapper.cfbundle; includeInIndex = 0; path = ConfusedNetworkingTests.xctest; sourceTree = BUILT_PRODUCTS_DIR; };
		7D66D6C7220724AA007C6A56 /* ConfusedNetworkingTests.swift */ = {isa = PBXFileReference; lastKnownFileType = sourcecode.swift; path = ConfusedNetworkingTests.swift; sourceTree = "<group>"; };
		7D66D6C9220724AA007C6A56 /* Info.plist */ = {isa = PBXFileReference; lastKnownFileType = text.plist.xml; path = Info.plist; sourceTree = "<group>"; };
		7D66D6E622072A39007C6A56 /* StartupTest.swift */ = {isa = PBXFileReference; lastKnownFileType = sourcecode.swift; path = StartupTest.swift; sourceTree = "<group>"; };
		7D66D70822093352007C6A56 /* CNet.swift */ = {isa = PBXFileReference; lastKnownFileType = sourcecode.swift; path = CNet.swift; sourceTree = "<group>"; };
/* End PBXFileReference section */

/* Begin PBXFrameworksBuildPhase section */
		7D66D6B5220724AA007C6A56 /* Frameworks */ = {
			isa = PBXFrameworksBuildPhase;
			buildActionMask = 2147483647;
			files = (
			);
			runOnlyForDeploymentPostprocessing = 0;
		};
		7D66D6BF220724AA007C6A56 /* Frameworks */ = {
			isa = PBXFrameworksBuildPhase;
			buildActionMask = 2147483647;
			files = (
				7D66D6C3220724AA007C6A56 /* ConfusedNetworking.framework in Frameworks */,
			);
			runOnlyForDeploymentPostprocessing = 0;
		};
/* End PBXFrameworksBuildPhase section */

/* Begin PBXGroup section */
		7D57637022132EEF00975686 /* implementataion */ = {
			isa = PBXGroup;
			children = (
				7D57637122132F1B00975686 /* CNNetworkingHeaderEncoder.swift */,
				7D57637322132F2E00975686 /* CNNetworkingQueryParamEncoder.swift */,
				7D57637522132F3D00975686 /* CNNetworkingJsonBodyEncoder.swift */,
			);
			path = implementataion;
			sourceTree = "<group>";
		};
		7D5763772213303500975686 /* structures */ = {
			isa = PBXGroup;
			children = (
				7D57636A22131F5100975686 /* CNRequest.swift */,
			);
			path = structures;
			sourceTree = "<group>";
		};
		7D66D6AF220724A9007C6A56 = {
			isa = PBXGroup;
			children = (
				7D66D6BB220724AA007C6A56 /* ConfusedNetworking */,
				7D66D6C6220724AA007C6A56 /* ConfusedNetworkingTests */,
				7D66D6BA220724AA007C6A56 /* Products */,
			);
			sourceTree = "<group>";
		};
		7D66D6BA220724AA007C6A56 /* Products */ = {
			isa = PBXGroup;
			children = (
				7D66D6B9220724AA007C6A56 /* ConfusedNetworking.framework */,
				7D66D6C2220724AA007C6A56 /* ConfusedNetworkingTests.xctest */,
			);
			name = Products;
			sourceTree = "<group>";
		};
		7D66D6BB220724AA007C6A56 /* ConfusedNetworking */ = {
			isa = PBXGroup;
			children = (
				7D5763772213303500975686 /* structures */,
				7D57637022132EEF00975686 /* implementataion */,
				7D66D707220932DD007C6A56 /* Groundwork */,
				7D66D706220932C7007C6A56 /* API */,
				7D66D6BC220724AA007C6A56 /* ConfusedNetworking.h */,
				7D66D6BD220724AA007C6A56 /* Info.plist */,
				7D66D6E622072A39007C6A56 /* StartupTest.swift */,
			);
			path = ConfusedNetworking;
			sourceTree = "<group>";
		};
		7D66D6C6220724AA007C6A56 /* ConfusedNetworkingTests */ = {
			isa = PBXGroup;
			children = (
				7D66D6C7220724AA007C6A56 /* ConfusedNetworkingTests.swift */,
				7D66D6C9220724AA007C6A56 /* Info.plist */,
			);
			path = ConfusedNetworkingTests;
			sourceTree = "<group>";
		};
		7D66D706220932C7007C6A56 /* API */ = {
			isa = PBXGroup;
			children = (
				7D66D70822093352007C6A56 /* CNet.swift */,
			);
			path = API;
			sourceTree = "<group>";
		};
		7D66D707220932DD007C6A56 /* Groundwork */ = {
			isa = PBXGroup;
			children = (
				7D57636C22131FF000975686 /* CNRequestType.swift */,
				7D57636E2213207C00975686 /* CNRequestEncoder.swift */,
			);
			path = Groundwork;
			sourceTree = "<group>";
		};
/* End PBXGroup section */

/* Begin PBXHeadersBuildPhase section */
		7D66D6B6220724AA007C6A56 /* Headers */ = {
			isa = PBXHeadersBuildPhase;
			buildActionMask = 2147483647;
			files = (
				7D66D6CA220724AA007C6A56 /* ConfusedNetworking.h in Headers */,
			);
			runOnlyForDeploymentPostprocessing = 0;
		};
/* End PBXHeadersBuildPhase section */

/* Begin PBXNativeTarget section */
		7D66D6B8220724AA007C6A56 /* ConfusedNetworking */ = {
			isa = PBXNativeTarget;
			buildConfigurationList = 7D66D6CD220724AA007C6A56 /* Build configuration list for PBXNativeTarget "ConfusedNetworking" */;
			buildPhases = (
				7D66D6B4220724AA007C6A56 /* Sources */,
				7D66D6B5220724AA007C6A56 /* Frameworks */,
				7D66D6B6220724AA007C6A56 /* Headers */,
				7D66D6B7220724AA007C6A56 /* Resources */,
			);
			buildRules = (
			);
			dependencies = (
			);
			name = ConfusedNetworking;
			productName = ConfusedNetworking;
			productReference = 7D66D6B9220724AA007C6A56 /* ConfusedNetworking.framework */;
			productType = "com.apple.product-type.framework";
		};
		7D66D6C1220724AA007C6A56 /* ConfusedNetworkingTests */ = {
			isa = PBXNativeTarget;
			buildConfigurationList = 7D66D6D0220724AA007C6A56 /* Build configuration list for PBXNativeTarget "ConfusedNetworkingTests" */;
			buildPhases = (
				7D66D6BE220724AA007C6A56 /* Sources */,
				7D66D6BF220724AA007C6A56 /* Frameworks */,
				7D66D6C0220724AA007C6A56 /* Resources */,
			);
			buildRules = (
			);
			dependencies = (
				7D66D6C5220724AA007C6A56 /* PBXTargetDependency */,
			);
			name = ConfusedNetworkingTests;
			productName = ConfusedNetworkingTests;
			productReference = 7D66D6C2220724AA007C6A56 /* ConfusedNetworkingTests.xctest */;
			productType = "com.apple.product-type.bundle.unit-test";
		};
/* End PBXNativeTarget section */

/* Begin PBXProject section */
		7D66D6B0220724A9007C6A56 /* Project object */ = {
			isa = PBXProject;
			attributes = {
				LastSwiftUpdateCheck = 0940;
				LastUpgradeCheck = 0940;
				ORGANIZATIONNAME = BrightApps;
				TargetAttributes = {
					7D66D6B8220724AA007C6A56 = {
						CreatedOnToolsVersion = 9.4.1;
						LastSwiftMigration = 0940;
					};
					7D66D6C1220724AA007C6A56 = {
						CreatedOnToolsVersion = 9.4.1;
					};
				};
			};
			buildConfigurationList = 7D66D6B3220724A9007C6A56 /* Build configuration list for PBXProject "ConfusedNetworking" */;
			compatibilityVersion = "Xcode 9.3";
			developmentRegion = en;
			hasScannedForEncodings = 0;
			knownRegions = (
				en,
			);
			mainGroup = 7D66D6AF220724A9007C6A56;
			productRefGroup = 7D66D6BA220724AA007C6A56 /* Products */;
			projectDirPath = "";
			projectRoot = "";
			targets = (
				7D66D6B8220724AA007C6A56 /* ConfusedNetworking */,
				7D66D6C1220724AA007C6A56 /* ConfusedNetworkingTests */,
			);
		};
/* End PBXProject section */

/* Begin PBXResourcesBuildPhase section */
		7D66D6B7220724AA007C6A56 /* Resources */ = {
			isa = PBXResourcesBuildPhase;
			buildActionMask = 2147483647;
			files = (
			);
			runOnlyForDeploymentPostprocessing = 0;
		};
		7D66D6C0220724AA007C6A56 /* Resources */ = {
			isa = PBXResourcesBuildPhase;
			buildActionMask = 2147483647;
			files = (
			);
			runOnlyForDeploymentPostprocessing = 0;
		};
/* End PBXResourcesBuildPhase section */

/* Begin PBXSourcesBuildPhase section */
		7D66D6B4220724AA007C6A56 /* Sources */ = {
			isa = PBXSourcesBuildPhase;
			buildActionMask = 2147483647;
			files = (
				7D57636B22131F5100975686 /* CNRequest.swift in Sources */,
				7D57637422132F2E00975686 /* CNNetworkingQueryParamEncoder.swift in Sources */,
				7D66D6E722072A39007C6A56 /* StartupTest.swift in Sources */,
				7D57637222132F1B00975686 /* CNNetworkingHeaderEncoder.swift in Sources */,
				7D57636D22131FF000975686 /* CNRequestType.swift in Sources */,
				7D66D70922093352007C6A56 /* CNet.swift in Sources */,
				7D57636F2213207C00975686 /* CNRequestEncoder.swift in Sources */,
				7D57637622132F3D00975686 /* CNNetworkingJsonBodyEncoder.swift in Sources */,
			);
			runOnlyForDeploymentPostprocessing = 0;
		};
		7D66D6BE220724AA007C6A56 /* Sources */ = {
			isa = PBXSourcesBuildPhase;
			buildActionMask = 2147483647;
			files = (
				7D66D6C8220724AA007C6A56 /* ConfusedNetworkingTests.swift in Sources */,
			);
			runOnlyForDeploymentPostprocessing = 0;
		};
/* End PBXSourcesBuildPhase section */

/* Begin PBXTargetDependency section */
		7D66D6C5220724AA007C6A56 /* PBXTargetDependency */ = {
			isa = PBXTargetDependency;
			target = 7D66D6B8220724AA007C6A56 /* ConfusedNetworking */;
			targetProxy = 7D66D6C4220724AA007C6A56 /* PBXContainerItemProxy */;
		};
/* End PBXTargetDependency section */

/* Begin XCBuildConfiguration section */
		7D66D6CB220724AA007C6A56 /* Debug */ = {
			isa = XCBuildConfiguration;
			buildSettings = {
				ALWAYS_SEARCH_USER_PATHS = NO;
				CLANG_ANALYZER_NONNULL = YES;
				CLANG_ANALYZER_NUMBER_OBJECT_CONVERSION = YES_AGGRESSIVE;
				CLANG_CXX_LANGUAGE_STANDARD = "gnu++14";
				CLANG_CXX_LIBRARY = "libc++";
				CLANG_ENABLE_MODULES = YES;
				CLANG_ENABLE_OBJC_ARC = YES;
				CLANG_ENABLE_OBJC_WEAK = YES;
				CLANG_WARN_BLOCK_CAPTURE_AUTORELEASING = YES;
				CLANG_WARN_BOOL_CONVERSION = YES;
				CLANG_WARN_COMMA = YES;
				CLANG_WARN_CONSTANT_CONVERSION = YES;
				CLANG_WARN_DEPRECATED_OBJC_IMPLEMENTATIONS = YES;
				CLANG_WARN_DIRECT_OBJC_ISA_USAGE = YES_ERROR;
				CLANG_WARN_DOCUMENTATION_COMMENTS = YES;
				CLANG_WARN_EMPTY_BODY = YES;
				CLANG_WARN_ENUM_CONVERSION = YES;
				CLANG_WARN_INFINITE_RECURSION = YES;
				CLANG_WARN_INT_CONVERSION = YES;
				CLANG_WARN_NON_LITERAL_NULL_CONVERSION = YES;
				CLANG_WARN_OBJC_IMPLICIT_RETAIN_SELF = YES;
				CLANG_WARN_OBJC_LITERAL_CONVERSION = YES;
				CLANG_WARN_OBJC_ROOT_CLASS = YES_ERROR;
				CLANG_WARN_RANGE_LOOP_ANALYSIS = YES;
				CLANG_WARN_STRICT_PROTOTYPES = YES;
				CLANG_WARN_SUSPICIOUS_MOVE = YES;
				CLANG_WARN_UNGUARDED_AVAILABILITY = YES_AGGRESSIVE;
				CLANG_WARN_UNREACHABLE_CODE = YES;
				CLANG_WARN__DUPLICATE_METHOD_MATCH = YES;
				CODE_SIGN_IDENTITY = "iPhone Developer";
				COPY_PHASE_STRIP = NO;
				CURRENT_PROJECT_VERSION = 1;
				DEBUG_INFORMATION_FORMAT = dwarf;
				ENABLE_STRICT_OBJC_MSGSEND = YES;
				ENABLE_TESTABILITY = YES;
				GCC_C_LANGUAGE_STANDARD = gnu11;
				GCC_DYNAMIC_NO_PIC = NO;
				GCC_NO_COMMON_BLOCKS = YES;
				GCC_OPTIMIZATION_LEVEL = 0;
				GCC_PREPROCESSOR_DEFINITIONS = (
					"DEBUG=1",
					"$(inherited)",
				);
				GCC_WARN_64_TO_32_BIT_CONVERSION = YES;
				GCC_WARN_ABOUT_RETURN_TYPE = YES_ERROR;
				GCC_WARN_UNDECLARED_SELECTOR = YES;
				GCC_WARN_UNINITIALIZED_AUTOS = YES_AGGRESSIVE;
				GCC_WARN_UNUSED_FUNCTION = YES;
				GCC_WARN_UNUSED_VARIABLE = YES;
				IPHONEOS_DEPLOYMENT_TARGET = 11.4;
				MTL_ENABLE_DEBUG_INFO = YES;
				ONLY_ACTIVE_ARCH = YES;
				SDKROOT = iphoneos;
				SWIFT_ACTIVE_COMPILATION_CONDITIONS = DEBUG;
				SWIFT_OPTIMIZATION_LEVEL = "-Onone";
				VERSIONING_SYSTEM = "apple-generic";
				VERSION_INFO_PREFIX = "";
			};
			name = Debug;
		};
		7D66D6CC220724AA007C6A56 /* Release */ = {
			isa = XCBuildConfiguration;
			buildSettings = {
				ALWAYS_SEARCH_USER_PATHS = NO;
				CLANG_ANALYZER_NONNULL = YES;
				CLANG_ANALYZER_NUMBER_OBJECT_CONVERSION = YES_AGGRESSIVE;
				CLANG_CXX_LANGUAGE_STANDARD = "gnu++14";
				CLANG_CXX_LIBRARY = "libc++";
				CLANG_ENABLE_MODULES = YES;
				CLANG_ENABLE_OBJC_ARC = YES;
				CLANG_ENABLE_OBJC_WEAK = YES;
				CLANG_WARN_BLOCK_CAPTURE_AUTORELEASING = YES;
				CLANG_WARN_BOOL_CONVERSION = YES;
				CLANG_WARN_COMMA = YES;
				CLANG_WARN_CONSTANT_CONVERSION = YES;
				CLANG_WARN_DEPRECATED_OBJC_IMPLEMENTATIONS = YES;
				CLANG_WARN_DIRECT_OBJC_ISA_USAGE = YES_ERROR;
				CLANG_WARN_DOCUMENTATION_COMMENTS = YES;
				CLANG_WARN_EMPTY_BODY = YES;
				CLANG_WARN_ENUM_CONVERSION = YES;
				CLANG_WARN_INFINITE_RECURSION = YES;
				CLANG_WARN_INT_CONVERSION = YES;
				CLANG_WARN_NON_LITERAL_NULL_CONVERSION = YES;
				CLANG_WARN_OBJC_IMPLICIT_RETAIN_SELF = YES;
				CLANG_WARN_OBJC_LITERAL_CONVERSION = YES;
				CLANG_WARN_OBJC_ROOT_CLASS = YES_ERROR;
				CLANG_WARN_RANGE_LOOP_ANALYSIS = YES;
				CLANG_WARN_STRICT_PROTOTYPES = YES;
				CLANG_WARN_SUSPICIOUS_MOVE = YES;
				CLANG_WARN_UNGUARDED_AVAILABILITY = YES_AGGRESSIVE;
				CLANG_WARN_UNREACHABLE_CODE = YES;
				CLANG_WARN__DUPLICATE_METHOD_MATCH = YES;
				CODE_SIGN_IDENTITY = "iPhone Developer";
				COPY_PHASE_STRIP = NO;
				CURRENT_PROJECT_VERSION = 1;
				DEBUG_INFORMATION_FORMAT = "dwarf-with-dsym";
				ENABLE_NS_ASSERTIONS = NO;
				ENABLE_STRICT_OBJC_MSGSEND = YES;
				GCC_C_LANGUAGE_STANDARD = gnu11;
				GCC_NO_COMMON_BLOCKS = YES;
				GCC_WARN_64_TO_32_BIT_CONVERSION = YES;
				GCC_WARN_ABOUT_RETURN_TYPE = YES_ERROR;
				GCC_WARN_UNDECLARED_SELECTOR = YES;
				GCC_WARN_UNINITIALIZED_AUTOS = YES_AGGRESSIVE;
				GCC_WARN_UNUSED_FUNCTION = YES;
				GCC_WARN_UNUSED_VARIABLE = YES;
				IPHONEOS_DEPLOYMENT_TARGET = 11.4;
				MTL_ENABLE_DEBUG_INFO = NO;
				SDKROOT = iphoneos;
				SWIFT_COMPILATION_MODE = wholemodule;
				SWIFT_OPTIMIZATION_LEVEL = "-O";
				VALIDATE_PRODUCT = YES;
				VERSIONING_SYSTEM = "apple-generic";
				VERSION_INFO_PREFIX = "";
			};
			name = Release;
		};
		7D66D6CE220724AA007C6A56 /* Debug */ = {
			isa = XCBuildConfiguration;
			buildSettings = {
				CLANG_ENABLE_MODULES = YES;
				CODE_SIGN_IDENTITY = "";
				CODE_SIGN_STYLE = Automatic;
				DEFINES_MODULE = YES;
				DYLIB_COMPATIBILITY_VERSION = 1;
				DYLIB_CURRENT_VERSION = 1;
				DYLIB_INSTALL_NAME_BASE = "@rpath";
				INFOPLIST_FILE = ConfusedNetworking/Info.plist;
				INSTALL_PATH = "$(LOCAL_LIBRARY_DIR)/Frameworks";
				LD_RUNPATH_SEARCH_PATHS = (
					"$(inherited)",
					"@executable_path/Frameworks",
					"@loader_path/Frameworks",
				);
				PRODUCT_BUNDLE_IDENTIFIER = com.BrightApps.ConfusedNetworking;
				PRODUCT_NAME = "$(TARGET_NAME:c99extidentifier)";
				SKIP_INSTALL = YES;
				SWIFT_OPTIMIZATION_LEVEL = "-Onone";
				SWIFT_VERSION = 4.0;
				TARGETED_DEVICE_FAMILY = "1,2";
			};
			name = Debug;
		};
		7D66D6CF220724AA007C6A56 /* Release */ = {
			isa = XCBuildConfiguration;
			buildSettings = {
				CLANG_ENABLE_MODULES = YES;
				CODE_SIGN_IDENTITY = "";
				CODE_SIGN_STYLE = Automatic;
				DEFINES_MODULE = YES;
				DYLIB_COMPATIBILITY_VERSION = 1;
				DYLIB_CURRENT_VERSION = 1;
				DYLIB_INSTALL_NAME_BASE = "@rpath";
				INFOPLIST_FILE = ConfusedNetworking/Info.plist;
				INSTALL_PATH = "$(LOCAL_LIBRARY_DIR)/Frameworks";
				LD_RUNPATH_SEARCH_PATHS = (
					"$(inherited)",
					"@executable_path/Frameworks",
					"@loader_path/Frameworks",
				);
				PRODUCT_BUNDLE_IDENTIFIER = com.BrightApps.ConfusedNetworking;
				PRODUCT_NAME = "$(TARGET_NAME:c99extidentifier)";
				SKIP_INSTALL = YES;
				SWIFT_VERSION = 4.0;
				TARGETED_DEVICE_FAMILY = "1,2";
			};
			name = Release;
		};
		7D66D6D1220724AA007C6A56 /* Debug */ = {
			isa = XCBuildConfiguration;
			buildSettings = {
				ALWAYS_EMBED_SWIFT_STANDARD_LIBRARIES = YES;
				CODE_SIGN_STYLE = Automatic;
				INFOPLIST_FILE = ConfusedNetworkingTests/Info.plist;
				LD_RUNPATH_SEARCH_PATHS = (
					"$(inherited)",
					"@executable_path/Frameworks",
					"@loader_path/Frameworks",
				);
				PRODUCT_BUNDLE_IDENTIFIER = com.BrightApps.ConfusedNetworkingTests;
				PRODUCT_NAME = "$(TARGET_NAME)";
				SWIFT_VERSION = 4.0;
				TARGETED_DEVICE_FAMILY = "1,2";
			};
			name = Debug;
		};
		7D66D6D2220724AA007C6A56 /* Release */ = {
			isa = XCBuildConfiguration;
			buildSettings = {
				ALWAYS_EMBED_SWIFT_STANDARD_LIBRARIES = YES;
				CODE_SIGN_STYLE = Automatic;
				INFOPLIST_FILE = ConfusedNetworkingTests/Info.plist;
				LD_RUNPATH_SEARCH_PATHS = (
					"$(inherited)",
					"@executable_path/Frameworks",
					"@loader_path/Frameworks",
				);
				PRODUCT_BUNDLE_IDENTIFIER = com.BrightApps.ConfusedNetworkingTests;
				PRODUCT_NAME = "$(TARGET_NAME)";
				SWIFT_VERSION = 4.0;
				TARGETED_DEVICE_FAMILY = "1,2";
			};
			name = Release;
		};
/* End XCBuildConfiguration section */

/* Begin XCConfigurationList section */
		7D66D6B3220724A9007C6A56 /* Build configuration list for PBXProject "ConfusedNetworking" */ = {
			isa = XCConfigurationList;
			buildConfigurations = (
				7D66D6CB220724AA007C6A56 /* Debug */,
				7D66D6CC220724AA007C6A56 /* Release */,
			);
			defaultConfigurationIsVisible = 0;
			defaultConfigurationName = Release;
		};
		7D66D6CD220724AA007C6A56 /* Build configuration list for PBXNativeTarget "ConfusedNetworking" */ = {
			isa = XCConfigurationList;
			buildConfigurations = (
				7D66D6CE220724AA007C6A56 /* Debug */,
				7D66D6CF220724AA007C6A56 /* Release */,
			);
			defaultConfigurationIsVisible = 0;
			defaultConfigurationName = Release;
		};
		7D66D6D0220724AA007C6A56 /* Build configuration list for PBXNativeTarget "ConfusedNetworkingTests" */ = {
			isa = XCConfigurationList;
			buildConfigurations = (
				7D66D6D1220724AA007C6A56 /* Debug */,
				7D66D6D2220724AA007C6A56 /* Release */,
			);
			defaultConfigurationIsVisible = 0;
			defaultConfigurationName = Release;
		};
/* End XCConfigurationList section */
	};
	rootObject = 7D66D6B0220724A9007C6A56 /* Project object */;
}
